// !$*UTF8*$!
{
	archiveVersion = 1;
	classes = {
	};
	objectVersion = 46;
	objects = {

/* Begin PBXBuildFile section */
		08408C90E6D79EAE5A1E022C /* Pods_MATRIX_Pay.framework in Frameworks */ = {isa = PBXBuildFile; fileRef = 62A7E32952290D5AF058E157 /* Pods_MATRIX_Pay.framework */; };
		524337DF1EED48B3005D83F9 /* ClientOperation.swift in Sources */ = {isa = PBXBuildFile; fileRef = 524337DE1EED48B3005D83F9 /* ClientOperation.swift */; };
		524337E41EED5503005D83F9 /* EmailViewController.swift in Sources */ = {isa = PBXBuildFile; fileRef = 524337E11EED5503005D83F9 /* EmailViewController.swift */; };
		524337E51EED5503005D83F9 /* PayInfoViewController.swift in Sources */ = {isa = PBXBuildFile; fileRef = 524337E21EED5503005D83F9 /* PayInfoViewController.swift */; };
		524337E61EED5503005D83F9 /* RegisterViewController.swift in Sources */ = {isa = PBXBuildFile; fileRef = 524337E31EED5503005D83F9 /* RegisterViewController.swift */; };
		527B027A1EEC4084004A9361 /* LaunchScreen.storyboard in Resources */ = {isa = PBXBuildFile; fileRef = 527B02781EEC4084004A9361 /* LaunchScreen.storyboard */; };
		527B027B1EEC4084004A9361 /* Main.storyboard in Resources */ = {isa = PBXBuildFile; fileRef = 527B02791EEC4084004A9361 /* Main.storyboard */; };
		527B02801EEC4119004A9361 /* Assets.xcassets in Resources */ = {isa = PBXBuildFile; fileRef = 527B027F1EEC4119004A9361 /* Assets.xcassets */; };
		528EC3391EF993C70098AEED /* SettingsViewController.swift in Sources */ = {isa = PBXBuildFile; fileRef = 528EC3381EF993C70098AEED /* SettingsViewController.swift */; };
		52EBF5B21EEC92CB00134579 /* AppDelegate.swift in Sources */ = {isa = PBXBuildFile; fileRef = 52EBF5AA1EEC92CB00134579 /* AppDelegate.swift */; };
		52EBF5B31EEC92CC00134579 /* CALayer+MP.swift in Sources */ = {isa = PBXBuildFile; fileRef = 52EBF5AC1EEC92CB00134579 /* CALayer+MP.swift */; };
		52EBF5B41EEC92CC00134579 /* UIViewController+MP.swift in Sources */ = {isa = PBXBuildFile; fileRef = 52EBF5AD1EEC92CB00134579 /* UIViewController+MP.swift */; };
		52EBF5B51EEC92CC00134579 /* PaymentViewController.swift in Sources */ = {isa = PBXBuildFile; fileRef = 52EBF5AF1EEC92CB00134579 /* PaymentViewController.swift */; };
		52EBF5B71EEC92CC00134579 /* StartViewController.swift in Sources */ = {isa = PBXBuildFile; fileRef = 52EBF5B11EEC92CB00134579 /* StartViewController.swift */; };
		52EBF5B91EEC982600134579 /* UIColor+MP.swift in Sources */ = {isa = PBXBuildFile; fileRef = 52EBF5B81EEC982600134579 /* UIColor+MP.swift */; };
/* End PBXBuildFile section */

/* Begin PBXFileReference section */
		524337DE1EED48B3005D83F9 /* ClientOperation.swift */ = {isa = PBXFileReference; fileEncoding = 4; lastKnownFileType = sourcecode.swift; path = ClientOperation.swift; sourceTree = "<group>"; };
		524337E11EED5503005D83F9 /* EmailViewController.swift */ = {isa = PBXFileReference; fileEncoding = 4; lastKnownFileType = sourcecode.swift; path = EmailViewController.swift; sourceTree = "<group>"; };
		524337E21EED5503005D83F9 /* PayInfoViewController.swift */ = {isa = PBXFileReference; fileEncoding = 4; lastKnownFileType = sourcecode.swift; path = PayInfoViewController.swift; sourceTree = "<group>"; };
		524337E31EED5503005D83F9 /* RegisterViewController.swift */ = {isa = PBXFileReference; fileEncoding = 4; lastKnownFileType = sourcecode.swift; path = RegisterViewController.swift; sourceTree = "<group>"; };
		5246954A1EEC3C3E00A88D16 /* MATRIX Pay.app */ = {isa = PBXFileReference; explicitFileType = wrapper.application; includeInIndex = 0; path = "MATRIX Pay.app"; sourceTree = BUILT_PRODUCTS_DIR; };
		527B02751EEC403B004A9361 /* Info.plist */ = {isa = PBXFileReference; fileEncoding = 4; lastKnownFileType = text.plist.xml; path = Info.plist; sourceTree = "<group>"; };
		527B02781EEC4084004A9361 /* LaunchScreen.storyboard */ = {isa = PBXFileReference; fileEncoding = 4; lastKnownFileType = file.storyboard; path = LaunchScreen.storyboard; sourceTree = "<group>"; };
		527B02791EEC4084004A9361 /* Main.storyboard */ = {isa = PBXFileReference; fileEncoding = 4; lastKnownFileType = file.storyboard; path = Main.storyboard; sourceTree = "<group>"; };
		527B027F1EEC4119004A9361 /* Assets.xcassets */ = {isa = PBXFileReference; lastKnownFileType = folder.assetcatalog; path = Assets.xcassets; sourceTree = "<group>"; };
		528EC3381EF993C70098AEED /* SettingsViewController.swift */ = {isa = PBXFileReference; fileEncoding = 4; lastKnownFileType = sourcecode.swift; path = SettingsViewController.swift; sourceTree = "<group>"; };
		52EBF5AA1EEC92CB00134579 /* AppDelegate.swift */ = {isa = PBXFileReference; fileEncoding = 4; lastKnownFileType = sourcecode.swift; path = AppDelegate.swift; sourceTree = "<group>"; };
		52EBF5AC1EEC92CB00134579 /* CALayer+MP.swift */ = {isa = PBXFileReference; fileEncoding = 4; lastKnownFileType = sourcecode.swift; path = "CALayer+MP.swift"; sourceTree = "<group>"; };
		52EBF5AD1EEC92CB00134579 /* UIViewController+MP.swift */ = {isa = PBXFileReference; fileEncoding = 4; lastKnownFileType = sourcecode.swift; path = "UIViewController+MP.swift"; sourceTree = "<group>"; };
		52EBF5AF1EEC92CB00134579 /* PaymentViewController.swift */ = {isa = PBXFileReference; fileEncoding = 4; lastKnownFileType = sourcecode.swift; path = PaymentViewController.swift; sourceTree = "<group>"; };
		52EBF5B11EEC92CB00134579 /* StartViewController.swift */ = {isa = PBXFileReference; fileEncoding = 4; lastKnownFileType = sourcecode.swift; path = StartViewController.swift; sourceTree = "<group>"; };
		52EBF5B81EEC982600134579 /* UIColor+MP.swift */ = {isa = PBXFileReference; fileEncoding = 4; lastKnownFileType = sourcecode.swift; path = "UIColor+MP.swift"; sourceTree = "<group>"; };
		62A7E32952290D5AF058E157 /* Pods_MATRIX_Pay.framework */ = {isa = PBXFileReference; explicitFileType = wrapper.framework; includeInIndex = 0; path = Pods_MATRIX_Pay.framework; sourceTree = BUILT_PRODUCTS_DIR; };
		85CEC271FD5795BA0A9477F8 /* Pods-MATRIX Pay.debug.xcconfig */ = {isa = PBXFileReference; includeInIndex = 1; lastKnownFileType = text.xcconfig; name = "Pods-MATRIX Pay.debug.xcconfig"; path = "Pods/Target Support Files/Pods-MATRIX Pay/Pods-MATRIX Pay.debug.xcconfig"; sourceTree = "<group>"; };
		FD78A8477970C7698E023681 /* Pods-MATRIX Pay.release.xcconfig */ = {isa = PBXFileReference; includeInIndex = 1; lastKnownFileType = text.xcconfig; name = "Pods-MATRIX Pay.release.xcconfig"; path = "Pods/Target Support Files/Pods-MATRIX Pay/Pods-MATRIX Pay.release.xcconfig"; sourceTree = "<group>"; };
/* End PBXFileReference section */

/* Begin PBXFrameworksBuildPhase section */
		524695471EEC3C3E00A88D16 /* Frameworks */ = {
			isa = PBXFrameworksBuildPhase;
			buildActionMask = 2147483647;
			files = (
				08408C90E6D79EAE5A1E022C /* Pods_MATRIX_Pay.framework in Frameworks */,
			);
			runOnlyForDeploymentPostprocessing = 0;
		};
/* End PBXFrameworksBuildPhase section */

/* Begin PBXGroup section */
		4A78089A90B698014F6568B5 /* Frameworks */ = {
			isa = PBXGroup;
			children = (
				62A7E32952290D5AF058E157 /* Pods_MATRIX_Pay.framework */,
			);
			name = Frameworks;
			sourceTree = "<group>";
		};
		524337E01EED5503005D83F9 /* Registration */ = {
			isa = PBXGroup;
			children = (
				524337E31EED5503005D83F9 /* RegisterViewController.swift */,
				524337E11EED5503005D83F9 /* EmailViewController.swift */,
				524337E21EED5503005D83F9 /* PayInfoViewController.swift */,
			);
			path = Registration;
			sourceTree = "<group>";
		};
		524695411EEC3C3E00A88D16 = {
			isa = PBXGroup;
			children = (
				5246954C1EEC3C3E00A88D16 /* MATRIX Pay */,
				5246954B1EEC3C3E00A88D16 /* Products */,
				7FAF00DFBAC7DC6B378D8644 /* Pods */,
				4A78089A90B698014F6568B5 /* Frameworks */,
			);
			sourceTree = "<group>";
		};
		5246954B1EEC3C3E00A88D16 /* Products */ = {
			isa = PBXGroup;
			children = (
				5246954A1EEC3C3E00A88D16 /* MATRIX Pay.app */,
			);
			name = Products;
			sourceTree = "<group>";
		};
		5246954C1EEC3C3E00A88D16 /* MATRIX Pay */ = {
			isa = PBXGroup;
			children = (
				527B026F1EEC4027004A9361 /* Sources */,
				527B02771EEC4084004A9361 /* Storyboards */,
				527B027C1EEC40C0004A9361 /* Assets */,
				527B02741EEC403B004A9361 /* Support */,
			);
			path = "MATRIX Pay";
			sourceTree = "<group>";
		};
		527B026F1EEC4027004A9361 /* Sources */ = {
			isa = PBXGroup;
			children = (
				52EBF5A91EEC92CB00134579 /* Application */,
				52EBF5AB1EEC92CB00134579 /* Extensions */,
				52EBF5AE1EEC92CB00134579 /* View Controllers */,
				524337DE1EED48B3005D83F9 /* ClientOperation.swift */,
			);
			path = Sources;
			sourceTree = "<group>";
		};
		527B02741EEC403B004A9361 /* Support */ = {
			isa = PBXGroup;
			children = (
				527B02751EEC403B004A9361 /* Info.plist */,
			);
			path = Support;
			sourceTree = "<group>";
		};
		527B02771EEC4084004A9361 /* Storyboards */ = {
			isa = PBXGroup;
			children = (
				527B02781EEC4084004A9361 /* LaunchScreen.storyboard */,
				527B02791EEC4084004A9361 /* Main.storyboard */,
			);
			path = Storyboards;
			sourceTree = "<group>";
		};
		527B027C1EEC40C0004A9361 /* Assets */ = {
			isa = PBXGroup;
			children = (
				527B027F1EEC4119004A9361 /* Assets.xcassets */,
			);
			path = Assets;
			sourceTree = "<group>";
		};
		52EBF5A91EEC92CB00134579 /* Application */ = {
			isa = PBXGroup;
			children = (
				52EBF5AA1EEC92CB00134579 /* AppDelegate.swift */,
			);
			path = Application;
			sourceTree = "<group>";
		};
		52EBF5AB1EEC92CB00134579 /* Extensions */ = {
			isa = PBXGroup;
			children = (
				52EBF5AC1EEC92CB00134579 /* CALayer+MP.swift */,
				52EBF5AD1EEC92CB00134579 /* UIViewController+MP.swift */,
				52EBF5B81EEC982600134579 /* UIColor+MP.swift */,
			);
			path = Extensions;
			sourceTree = "<group>";
		};
		52EBF5AE1EEC92CB00134579 /* View Controllers */ = {
			isa = PBXGroup;
			children = (
				52EBF5B11EEC92CB00134579 /* StartViewController.swift */,
				528EC3381EF993C70098AEED /* SettingsViewController.swift */,
				52EBF5AF1EEC92CB00134579 /* PaymentViewController.swift */,
				524337E01EED5503005D83F9 /* Registration */,
			);
			path = "View Controllers";
			sourceTree = "<group>";
		};
		7FAF00DFBAC7DC6B378D8644 /* Pods */ = {
			isa = PBXGroup;
			children = (
				85CEC271FD5795BA0A9477F8 /* Pods-MATRIX Pay.debug.xcconfig */,
				FD78A8477970C7698E023681 /* Pods-MATRIX Pay.release.xcconfig */,
			);
			name = Pods;
			sourceTree = "<group>";
		};
/* End PBXGroup section */

/* Begin PBXNativeTarget section */
		524695491EEC3C3E00A88D16 /* MATRIX Pay */ = {
			isa = PBXNativeTarget;
			buildConfigurationList = 5246955C1EEC3C3E00A88D16 /* Build configuration list for PBXNativeTarget "MATRIX Pay" */;
			buildPhases = (
				B64AA4CFD3D2F2EBCFAA6E39 /* [CP] Check Pods Manifest.lock */,
				524695461EEC3C3E00A88D16 /* Sources */,
				524695471EEC3C3E00A88D16 /* Frameworks */,
				524695481EEC3C3E00A88D16 /* Resources */,
				FA31D843A9850DF857B6D252 /* [CP] Embed Pods Frameworks */,
				868A123B551C705885C531A5 /* [CP] Copy Pods Resources */,
			);
			buildRules = (
			);
			dependencies = (
			);
			name = "MATRIX Pay";
			productName = "MATRIX Pay";
			productReference = 5246954A1EEC3C3E00A88D16 /* MATRIX Pay.app */;
			productType = "com.apple.product-type.application";
		};
/* End PBXNativeTarget section */

/* Begin PBXProject section */
		524695421EEC3C3E00A88D16 /* Project object */ = {
			isa = PBXProject;
			attributes = {
				LastSwiftUpdateCheck = 0830;
				LastUpgradeCheck = 0830;
				ORGANIZATIONNAME = "MATRIX Labs";
				TargetAttributes = {
					524695491EEC3C3E00A88D16 = {
						CreatedOnToolsVersion = 8.3.3;
						DevelopmentTeam = 72TH32JQ4L;
						ProvisioningStyle = Automatic;
					};
				};
			};
			buildConfigurationList = 524695451EEC3C3E00A88D16 /* Build configuration list for PBXProject "MATRIX Pay" */;
			compatibilityVersion = "Xcode 3.2";
			developmentRegion = English;
			hasScannedForEncodings = 0;
			knownRegions = (
				en,
				Base,
			);
			mainGroup = 524695411EEC3C3E00A88D16;
			productRefGroup = 5246954B1EEC3C3E00A88D16 /* Products */;
			projectDirPath = "";
			projectRoot = "";
			targets = (
				524695491EEC3C3E00A88D16 /* MATRIX Pay */,
			);
		};
/* End PBXProject section */

/* Begin PBXResourcesBuildPhase section */
		524695481EEC3C3E00A88D16 /* Resources */ = {
			isa = PBXResourcesBuildPhase;
			buildActionMask = 2147483647;
			files = (
				527B027B1EEC4084004A9361 /* Main.storyboard in Resources */,
				527B02801EEC4119004A9361 /* Assets.xcassets in Resources */,
				527B027A1EEC4084004A9361 /* LaunchScreen.storyboard in Resources */,
			);
			runOnlyForDeploymentPostprocessing = 0;
		};
/* End PBXResourcesBuildPhase section */

/* Begin PBXShellScriptBuildPhase section */
		868A123B551C705885C531A5 /* [CP] Copy Pods Resources */ = {
			isa = PBXShellScriptBuildPhase;
			buildActionMask = 2147483647;
			files = (
			);
			inputPaths = (
			);
			name = "[CP] Copy Pods Resources";
			outputPaths = (
			);
			runOnlyForDeploymentPostprocessing = 0;
			shellPath = /bin/sh;
			shellScript = "\"${SRCROOT}/Pods/Target Support Files/Pods-MATRIX Pay/Pods-MATRIX Pay-resources.sh\"\n";
			showEnvVarsInLog = 0;
		};
		B64AA4CFD3D2F2EBCFAA6E39 /* [CP] Check Pods Manifest.lock */ = {
			isa = PBXShellScriptBuildPhase;
			buildActionMask = 2147483647;
			files = (
			);
			inputPaths = (
			);
			name = "[CP] Check Pods Manifest.lock";
			outputPaths = (
			);
			runOnlyForDeploymentPostprocessing = 0;
			shellPath = /bin/sh;
			shellScript = "diff \"${PODS_PODFILE_DIR_PATH}/Podfile.lock\" \"${PODS_ROOT}/Manifest.lock\" > /dev/null\nif [ $? != 0 ] ; then\n    # print error to STDERR\n    echo \"error: The sandbox is not in sync with the Podfile.lock. Run 'pod install' or update your CocoaPods installation.\" >&2\n    exit 1\nfi\n";
			showEnvVarsInLog = 0;
		};
		FA31D843A9850DF857B6D252 /* [CP] Embed Pods Frameworks */ = {
			isa = PBXShellScriptBuildPhase;
			buildActionMask = 2147483647;
			files = (
			);
			inputPaths = (
			);
			name = "[CP] Embed Pods Frameworks";
			outputPaths = (
			);
			runOnlyForDeploymentPostprocessing = 0;
			shellPath = /bin/sh;
			shellScript = "\"${SRCROOT}/Pods/Target Support Files/Pods-MATRIX Pay/Pods-MATRIX Pay-frameworks.sh\"\n";
			showEnvVarsInLog = 0;
		};
/* End PBXShellScriptBuildPhase section */

/* Begin PBXSourcesBuildPhase section */
		524695461EEC3C3E00A88D16 /* Sources */ = {
			isa = PBXSourcesBuildPhase;
			buildActionMask = 2147483647;
			files = (
				52EBF5B31EEC92CC00134579 /* CALayer+MP.swift in Sources */,
				52EBF5B91EEC982600134579 /* UIColor+MP.swift in Sources */,
				528EC3391EF993C70098AEED /* SettingsViewController.swift in Sources */,
				524337DF1EED48B3005D83F9 /* ClientOperation.swift in Sources */,
				52EBF5B41EEC92CC00134579 /* UIViewController+MP.swift in Sources */,
				52EBF5B21EEC92CB00134579 /* AppDelegate.swift in Sources */,
				52EBF5B51EEC92CC00134579 /* PaymentViewController.swift in Sources */,
				52EBF5B71EEC92CC00134579 /* StartViewController.swift in Sources */,
				524337E41EED5503005D83F9 /* EmailViewController.swift in Sources */,
				524337E61EED5503005D83F9 /* RegisterViewController.swift in Sources */,
				524337E51EED5503005D83F9 /* PayInfoViewController.swift in Sources */,
			);
			runOnlyForDeploymentPostprocessing = 0;
		};
/* End PBXSourcesBuildPhase section */

/* Begin XCBuildConfiguration section */
		5246955A1EEC3C3E00A88D16 /* Debug */ = {
			isa = XCBuildConfiguration;
			buildSettings = {
				ALWAYS_SEARCH_USER_PATHS = NO;
				CLANG_ANALYZER_NONNULL = YES;
				CLANG_ANALYZER_NUMBER_OBJECT_CONVERSION = YES_AGGRESSIVE;
				CLANG_CXX_LANGUAGE_STANDARD = "gnu++0x";
				CLANG_CXX_LIBRARY = "libc++";
				CLANG_ENABLE_MODULES = YES;
				CLANG_ENABLE_OBJC_ARC = YES;
				CLANG_WARN_BOOL_CONVERSION = YES;
				CLANG_WARN_CONSTANT_CONVERSION = YES;
				CLANG_WARN_DIRECT_OBJC_ISA_USAGE = YES_ERROR;
				CLANG_WARN_DOCUMENTATION_COMMENTS = YES;
				CLANG_WARN_EMPTY_BODY = YES;
				CLANG_WARN_ENUM_CONVERSION = YES;
				CLANG_WARN_INFINITE_RECURSION = YES;
				CLANG_WARN_INT_CONVERSION = YES;
				CLANG_WARN_OBJC_ROOT_CLASS = YES_ERROR;
				CLANG_WARN_SUSPICIOUS_MOVE = YES;
				CLANG_WARN_UNREACHABLE_CODE = YES;
				CLANG_WARN__DUPLICATE_METHOD_MATCH = YES;
				"CODE_SIGN_IDENTITY[sdk=iphoneos*]" = "iPhone Developer";
				COPY_PHASE_STRIP = NO;
				DEBUG_INFORMATION_FORMAT = dwarf;
				ENABLE_STRICT_OBJC_MSGSEND = YES;
				ENABLE_TESTABILITY = YES;
				GCC_C_LANGUAGE_STANDARD = gnu99;
				GCC_DYNAMIC_NO_PIC = NO;
				GCC_NO_COMMON_BLOCKS = YES;
				GCC_OPTIMIZATION_LEVEL = 0;
				GCC_PREPROCESSOR_DEFINITIONS = (
					"DEBUG=1",
					"$(inherited)",
				);
				GCC_WARN_64_TO_32_BIT_CONVERSION = YES;
				GCC_WARN_ABOUT_RETURN_TYPE = YES_ERROR;
				GCC_WARN_UNDECLARED_SELECTOR = YES;
				GCC_WARN_UNINITIALIZED_AUTOS = YES_AGGRESSIVE;
				GCC_WARN_UNUSED_FUNCTION = YES;
				GCC_WARN_UNUSED_VARIABLE = YES;
				IPHONEOS_DEPLOYMENT_TARGET = 10.0;
				MTL_ENABLE_DEBUG_INFO = YES;
				ONLY_ACTIVE_ARCH = YES;
				SDKROOT = iphoneos;
				SWIFT_ACTIVE_COMPILATION_CONDITIONS = DEBUG;
				SWIFT_OPTIMIZATION_LEVEL = "-Onone";
				TARGETED_DEVICE_FAMILY = "1,2";
			};
			name = Debug;
		};
		5246955B1EEC3C3E00A88D16 /* Release */ = {
			isa = XCBuildConfiguration;
			buildSettings = {
				ALWAYS_SEARCH_USER_PATHS = NO;
				CLANG_ANALYZER_NONNULL = YES;
				CLANG_ANALYZER_NUMBER_OBJECT_CONVERSION = YES_AGGRESSIVE;
				CLANG_CXX_LANGUAGE_STANDARD = "gnu++0x";
				CLANG_CXX_LIBRARY = "libc++";
				CLANG_ENABLE_MODULES = YES;
				CLANG_ENABLE_OBJC_ARC = YES;
				CLANG_WARN_BOOL_CONVERSION = YES;
				CLANG_WARN_CONSTANT_CONVERSION = YES;
				CLANG_WARN_DIRECT_OBJC_ISA_USAGE = YES_ERROR;
				CLANG_WARN_DOCUMENTATION_COMMENTS = YES;
				CLANG_WARN_EMPTY_BODY = YES;
				CLANG_WARN_ENUM_CONVERSION = YES;
				CLANG_WARN_INFINITE_RECURSION = YES;
				CLANG_WARN_INT_CONVERSION = YES;
				CLANG_WARN_OBJC_ROOT_CLASS = YES_ERROR;
				CLANG_WARN_SUSPICIOUS_MOVE = YES;
				CLANG_WARN_UNREACHABLE_CODE = YES;
				CLANG_WARN__DUPLICATE_METHOD_MATCH = YES;
				"CODE_SIGN_IDENTITY[sdk=iphoneos*]" = "iPhone Developer";
				COPY_PHASE_STRIP = NO;
				DEBUG_INFORMATION_FORMAT = "dwarf-with-dsym";
				ENABLE_NS_ASSERTIONS = NO;
				ENABLE_STRICT_OBJC_MSGSEND = YES;
				GCC_C_LANGUAGE_STANDARD = gnu99;
				GCC_NO_COMMON_BLOCKS = YES;
				GCC_WARN_64_TO_32_BIT_CONVERSION = YES;
				GCC_WARN_ABOUT_RETURN_TYPE = YES_ERROR;
				GCC_WARN_UNDECLARED_SELECTOR = YES;
				GCC_WARN_UNINITIALIZED_AUTOS = YES_AGGRESSIVE;
				GCC_WARN_UNUSED_FUNCTION = YES;
				GCC_WARN_UNUSED_VARIABLE = YES;
				IPHONEOS_DEPLOYMENT_TARGET = 10.0;
				MTL_ENABLE_DEBUG_INFO = NO;
				SDKROOT = iphoneos;
				SWIFT_OPTIMIZATION_LEVEL = "-Owholemodule";
				TARGETED_DEVICE_FAMILY = "1,2";
				VALIDATE_PRODUCT = YES;
			};
			name = Release;
		};
		5246955D1EEC3C3E00A88D16 /* Debug */ = {
			isa = XCBuildConfiguration;
			baseConfigurationReference = 85CEC271FD5795BA0A9477F8 /* Pods-MATRIX Pay.debug.xcconfig */;
			buildSettings = {
				ASSETCATALOG_COMPILER_APPICON_NAME = AppIcon;
				DEVELOPMENT_TEAM = 72TH32JQ4L;
				INFOPLIST_FILE = "$(SRCROOT)/MATRIX Pay/Support/Info.plist";
				LD_RUNPATH_SEARCH_PATHS = "$(inherited) @executable_path/Frameworks";
				PRODUCT_BUNDLE_IDENTIFIER = "one.matrix.MATRIX-Pay";
				PRODUCT_NAME = "$(TARGET_NAME)";
				SWIFT_VERSION = 3.0;
			};
			name = Debug;
		};
		5246955E1EEC3C3E00A88D16 /* Release */ = {
			isa = XCBuildConfiguration;
			baseConfigurationReference = FD78A8477970C7698E023681 /* Pods-MATRIX Pay.release.xcconfig */;
			buildSettings = {
				ASSETCATALOG_COMPILER_APPICON_NAME = AppIcon;
				DEVELOPMENT_TEAM = 72TH32JQ4L;
				INFOPLIST_FILE = "$(SRCROOT)/MATRIX Pay/Support/Info.plist";
				LD_RUNPATH_SEARCH_PATHS = "$(inherited) @executable_path/Frameworks";
				PRODUCT_BUNDLE_IDENTIFIER = "one.matrix.MATRIX-Pay";
				PRODUCT_NAME = "$(TARGET_NAME)";
				SWIFT_VERSION = 3.0;
			};
			name = Release;
		};
/* End XCBuildConfiguration section */

/* Begin XCConfigurationList section */
		524695451EEC3C3E00A88D16 /* Build configuration list for PBXProject "MATRIX Pay" */ = {
			isa = XCConfigurationList;
			buildConfigurations = (
				5246955A1EEC3C3E00A88D16 /* Debug */,
				5246955B1EEC3C3E00A88D16 /* Release */,
			);
			defaultConfigurationIsVisible = 0;
			defaultConfigurationName = Release;
		};
		5246955C1EEC3C3E00A88D16 /* Build configuration list for PBXNativeTarget "MATRIX Pay" */ = {
			isa = XCConfigurationList;
			buildConfigurations = (
				5246955D1EEC3C3E00A88D16 /* Debug */,
				5246955E1EEC3C3E00A88D16 /* Release */,
			);
			defaultConfigurationIsVisible = 0;
			defaultConfigurationName = Release;
		};
/* End XCConfigurationList section */
	};
	rootObject = 524695421EEC3C3E00A88D16 /* Project object */;
}
