PODS:
  - Pastel (0.2.2)
  - Socket.IO-Client-Swift (10.0.0)

DEPENDENCIES:
  - Pastel (~> 0.2.2)
  - Socket.IO-Client-Swift (~> 10.0.0)

SPEC CHECKSUMS:
  Pastel: 4078eadda35828ec4b091c8a48cf57b445426809
  Socket.IO-Client-Swift: 9c5b4e5e76e30e1b9a1804c40e11dad0a002b1a4

PODFILE CHECKSUM: 112cc01c09692c65aac38952af450316e7f50b74

COCOAPODS: 1.2.1
